// !$*UTF8*$!
{
	archiveVersion = 1;
	classes = {
	};
	objectVersion = 50;
	objects = {

/* Begin PBXBuildFile section */
		399DD77D22B88D620064775B /* CacheManager.swift in Sources */ = {isa = PBXBuildFile; fileRef = 399DD77C22B88D620064775B /* CacheManager.swift */; };
		399DD77F22B8907D0064775B /* AsyncDataLoader.swift in Sources */ = {isa = PBXBuildFile; fileRef = 399DD77E22B8907D0064775B /* AsyncDataLoader.swift */; };
		399DD78122B891020064775B /* DownloadCompletionDelegate.swift in Sources */ = {isa = PBXBuildFile; fileRef = 399DD78022B891020064775B /* DownloadCompletionDelegate.swift */; };
		399DD78522B8C6320064775B /* DataDownloadTask.swift in Sources */ = {isa = PBXBuildFile; fileRef = 399DD78422B8C6320064775B /* DataDownloadTask.swift */; };
		399DD78722B8C7CF0064775B /* BaseDataTask.swift in Sources */ = {isa = PBXBuildFile; fileRef = 399DD78622B8C7CF0064775B /* BaseDataTask.swift */; };
		39A6BA4822B7B2DB0046B053 /* AppDelegate.swift in Sources */ = {isa = PBXBuildFile; fileRef = 39A6BA4722B7B2DB0046B053 /* AppDelegate.swift */; };
		39A6BA4D22B7B2DB0046B053 /* Main.storyboard in Resources */ = {isa = PBXBuildFile; fileRef = 39A6BA4B22B7B2DB0046B053 /* Main.storyboard */; };
		39A6BA4F22B7B2DC0046B053 /* Assets.xcassets in Resources */ = {isa = PBXBuildFile; fileRef = 39A6BA4E22B7B2DC0046B053 /* Assets.xcassets */; };
		39A6BA5222B7B2DC0046B053 /* LaunchScreen.storyboard in Resources */ = {isa = PBXBuildFile; fileRef = 39A6BA5022B7B2DC0046B053 /* LaunchScreen.storyboard */; };
		39A6BA5D22B7B2DD0046B053 /* AsyncDataLoaderTests.swift in Sources */ = {isa = PBXBuildFile; fileRef = 39A6BA5C22B7B2DD0046B053 /* AsyncDataLoaderTests.swift */; };
		39A6BA6822B7B2DD0046B053 /* AsyncDataLoaderUITests.swift in Sources */ = {isa = PBXBuildFile; fileRef = 39A6BA6722B7B2DD0046B053 /* AsyncDataLoaderUITests.swift */; };
		BE503F8A22BA6A4E003E35C8 /* SwiftyJSON.swift in Sources */ = {isa = PBXBuildFile; fileRef = BE503F8922BA6A4E003E35C8 /* SwiftyJSON.swift */; };
		BE503F8C22BA6A83003E35C8 /* Images.json in Resources */ = {isa = PBXBuildFile; fileRef = BE503F8B22BA6A83003E35C8 /* Images.json */; };
		BE503F8E22BABF4C003E35C8 /* AsyncBlockDownloader.swift in Sources */ = {isa = PBXBuildFile; fileRef = BE503F8D22BABF4C003E35C8 /* AsyncBlockDownloader.swift */; };
		BE503F9022BABFA4003E35C8 /* AsyncInterfaceDownloader.swift in Sources */ = {isa = PBXBuildFile; fileRef = BE503F8F22BABFA4003E35C8 /* AsyncInterfaceDownloader.swift */; };
		BEA7817122BDA24F007696DF /* PullViewController.swift in Sources */ = {isa = PBXBuildFile; fileRef = BEA7817022BDA24F007696DF /* PullViewController.swift */; };
		BEA7817322BDA53D007696DF /* UserCell.swift in Sources */ = {isa = PBXBuildFile; fileRef = BEA7817222BDA53D007696DF /* UserCell.swift */; };
		BEFB6A0522BCD4D900FC6504 /* BlockViewController.swift in Sources */ = {isa = PBXBuildFile; fileRef = BEFB6A0422BCD4D900FC6504 /* BlockViewController.swift */; };
		BEFB6A0722BCDBA700FC6504 /* CircularProgress.swift in Sources */ = {isa = PBXBuildFile; fileRef = BEFB6A0622BCDBA700FC6504 /* CircularProgress.swift */; };
		BEFB6A0922BCDCEF00FC6504 /* DownloaderView.swift in Sources */ = {isa = PBXBuildFile; fileRef = BEFB6A0822BCDCEF00FC6504 /* DownloaderView.swift */; };
		BEFB6A0B22BD487E00FC6504 /* UniversalDownloadViewController.swift in Sources */ = {isa = PBXBuildFile; fileRef = BEFB6A0A22BD487E00FC6504 /* UniversalDownloadViewController.swift */; };
/* End PBXBuildFile section */

/* Begin PBXContainerItemProxy section */
		39A6BA5922B7B2DD0046B053 /* PBXContainerItemProxy */ = {
			isa = PBXContainerItemProxy;
			containerPortal = 39A6BA3C22B7B2DB0046B053 /* Project object */;
			proxyType = 1;
			remoteGlobalIDString = 39A6BA4322B7B2DB0046B053;
			remoteInfo = AsyncDataLoader;
		};
		39A6BA6422B7B2DD0046B053 /* PBXContainerItemProxy */ = {
			isa = PBXContainerItemProxy;
			containerPortal = 39A6BA3C22B7B2DB0046B053 /* Project object */;
			proxyType = 1;
			remoteGlobalIDString = 39A6BA4322B7B2DB0046B053;
			remoteInfo = AsyncDataLoader;
		};
/* End PBXContainerItemProxy section */

/* Begin PBXFileReference section */
		399DD77C22B88D620064775B /* CacheManager.swift */ = {isa = PBXFileReference; lastKnownFileType = sourcecode.swift; path = CacheManager.swift; sourceTree = "<group>"; };
		399DD77E22B8907D0064775B /* AsyncDataLoader.swift */ = {isa = PBXFileReference; lastKnownFileType = sourcecode.swift; path = AsyncDataLoader.swift; sourceTree = "<group>"; };
		399DD78022B891020064775B /* DownloadCompletionDelegate.swift */ = {isa = PBXFileReference; lastKnownFileType = sourcecode.swift; path = DownloadCompletionDelegate.swift; sourceTree = "<group>"; };
		399DD78422B8C6320064775B /* DataDownloadTask.swift */ = {isa = PBXFileReference; lastKnownFileType = sourcecode.swift; path = DataDownloadTask.swift; sourceTree = "<group>"; };
		399DD78622B8C7CF0064775B /* BaseDataTask.swift */ = {isa = PBXFileReference; lastKnownFileType = sourcecode.swift; path = BaseDataTask.swift; sourceTree = "<group>"; };
		39A6BA4422B7B2DB0046B053 /* AsyncDataLoader.app */ = {isa = PBXFileReference; explicitFileType = wrapper.application; includeInIndex = 0; path = AsyncDataLoader.app; sourceTree = BUILT_PRODUCTS_DIR; };
		39A6BA4722B7B2DB0046B053 /* AppDelegate.swift */ = {isa = PBXFileReference; lastKnownFileType = sourcecode.swift; path = AppDelegate.swift; sourceTree = "<group>"; };
		39A6BA4C22B7B2DB0046B053 /* Base */ = {isa = PBXFileReference; lastKnownFileType = file.storyboard; name = Base; path = Base.lproj/Main.storyboard; sourceTree = "<group>"; };
		39A6BA4E22B7B2DC0046B053 /* Assets.xcassets */ = {isa = PBXFileReference; lastKnownFileType = folder.assetcatalog; path = Assets.xcassets; sourceTree = "<group>"; };
		39A6BA5122B7B2DC0046B053 /* Base */ = {isa = PBXFileReference; lastKnownFileType = file.storyboard; name = Base; path = Base.lproj/LaunchScreen.storyboard; sourceTree = "<group>"; };
		39A6BA5322B7B2DC0046B053 /* Info.plist */ = {isa = PBXFileReference; lastKnownFileType = text.plist.xml; path = Info.plist; sourceTree = "<group>"; };
		39A6BA5822B7B2DD0046B053 /* AsyncDataLoaderTests.xctest */ = {isa = PBXFileReference; explicitFileType = wrapper.cfbundle; includeInIndex = 0; path = AsyncDataLoaderTests.xctest; sourceTree = BUILT_PRODUCTS_DIR; };
		39A6BA5C22B7B2DD0046B053 /* AsyncDataLoaderTests.swift */ = {isa = PBXFileReference; lastKnownFileType = sourcecode.swift; path = AsyncDataLoaderTests.swift; sourceTree = "<group>"; };
		39A6BA5E22B7B2DD0046B053 /* Info.plist */ = {isa = PBXFileReference; lastKnownFileType = text.plist.xml; path = Info.plist; sourceTree = "<group>"; };
		39A6BA6322B7B2DD0046B053 /* AsyncDataLoaderUITests.xctest */ = {isa = PBXFileReference; explicitFileType = wrapper.cfbundle; includeInIndex = 0; path = AsyncDataLoaderUITests.xctest; sourceTree = BUILT_PRODUCTS_DIR; };
		39A6BA6722B7B2DD0046B053 /* AsyncDataLoaderUITests.swift */ = {isa = PBXFileReference; lastKnownFileType = sourcecode.swift; path = AsyncDataLoaderUITests.swift; sourceTree = "<group>"; };
		39A6BA6922B7B2DD0046B053 /* Info.plist */ = {isa = PBXFileReference; lastKnownFileType = text.plist.xml; path = Info.plist; sourceTree = "<group>"; };
		BE503F8922BA6A4E003E35C8 /* SwiftyJSON.swift */ = {isa = PBXFileReference; fileEncoding = 4; lastKnownFileType = sourcecode.swift; path = SwiftyJSON.swift; sourceTree = "<group>"; };
		BE503F8B22BA6A83003E35C8 /* Images.json */ = {isa = PBXFileReference; lastKnownFileType = text.json; path = Images.json; sourceTree = "<group>"; };
		BE503F8D22BABF4C003E35C8 /* AsyncBlockDownloader.swift */ = {isa = PBXFileReference; lastKnownFileType = sourcecode.swift; path = AsyncBlockDownloader.swift; sourceTree = "<group>"; };
		BE503F8F22BABFA4003E35C8 /* AsyncInterfaceDownloader.swift */ = {isa = PBXFileReference; lastKnownFileType = sourcecode.swift; path = AsyncInterfaceDownloader.swift; sourceTree = "<group>"; };
		BEA7817022BDA24F007696DF /* PullViewController.swift */ = {isa = PBXFileReference; lastKnownFileType = sourcecode.swift; path = PullViewController.swift; sourceTree = "<group>"; };
		BEA7817222BDA53D007696DF /* UserCell.swift */ = {isa = PBXFileReference; lastKnownFileType = sourcecode.swift; path = UserCell.swift; sourceTree = "<group>"; };
		BEFB6A0422BCD4D900FC6504 /* BlockViewController.swift */ = {isa = PBXFileReference; lastKnownFileType = sourcecode.swift; path = BlockViewController.swift; sourceTree = "<group>"; };
		BEFB6A0622BCDBA700FC6504 /* CircularProgress.swift */ = {isa = PBXFileReference; lastKnownFileType = sourcecode.swift; path = CircularProgress.swift; sourceTree = "<group>"; };
		BEFB6A0822BCDCEF00FC6504 /* DownloaderView.swift */ = {isa = PBXFileReference; lastKnownFileType = sourcecode.swift; path = DownloaderView.swift; sourceTree = "<group>"; };
		BEFB6A0A22BD487E00FC6504 /* UniversalDownloadViewController.swift */ = {isa = PBXFileReference; lastKnownFileType = sourcecode.swift; path = UniversalDownloadViewController.swift; sourceTree = "<group>"; };
/* End PBXFileReference section */

/* Begin PBXFrameworksBuildPhase section */
		39A6BA4122B7B2DB0046B053 /* Frameworks */ = {
			isa = PBXFrameworksBuildPhase;
			buildActionMask = 2147483647;
			files = (
			);
			runOnlyForDeploymentPostprocessing = 0;
		};
		39A6BA5522B7B2DD0046B053 /* Frameworks */ = {
			isa = PBXFrameworksBuildPhase;
			buildActionMask = 2147483647;
			files = (
			);
			runOnlyForDeploymentPostprocessing = 0;
		};
		39A6BA6022B7B2DD0046B053 /* Frameworks */ = {
			isa = PBXFrameworksBuildPhase;
			buildActionMask = 2147483647;
			files = (
			);
			runOnlyForDeploymentPostprocessing = 0;
		};
/* End PBXFrameworksBuildPhase section */

/* Begin PBXGroup section */
		39A6BA3B22B7B2DB0046B053 = {
			isa = PBXGroup;
			children = (
				39A6BA4622B7B2DB0046B053 /* AsyncDataLoader */,
				39A6BA5B22B7B2DD0046B053 /* AsyncDataLoaderTests */,
				39A6BA6622B7B2DD0046B053 /* AsyncDataLoaderUITests */,
				39A6BA4522B7B2DB0046B053 /* Products */,
			);
			sourceTree = "<group>";
		};
		39A6BA4522B7B2DB0046B053 /* Products */ = {
			isa = PBXGroup;
			children = (
				39A6BA4422B7B2DB0046B053 /* AsyncDataLoader.app */,
				39A6BA5822B7B2DD0046B053 /* AsyncDataLoaderTests.xctest */,
				39A6BA6322B7B2DD0046B053 /* AsyncDataLoaderUITests.xctest */,
			);
			name = Products;
			sourceTree = "<group>";
		};
		39A6BA4622B7B2DB0046B053 /* AsyncDataLoader */ = {
			isa = PBXGroup;
			children = (
				BEFB6A0C22BD5DEA00FC6504 /* CacheManager */,
				BEFB6A1022BD5E3A00FC6504 /* DownloadManager */,
				BEFB6A0D22BD5DF800FC6504 /* JSON_Parser */,
				BEFB6A1122BD5E6F00FC6504 /* CustomControls */,
				BEFB6A0F22BD5E2000FC6504 /* Resources */,
				BEFB6A0E22BD5E0900FC6504 /* ViewControllers */,
				39A6BA4722B7B2DB0046B053 /* AppDelegate.swift */,
				39A6BA4B22B7B2DB0046B053 /* Main.storyboard */,
				39A6BA5022B7B2DC0046B053 /* LaunchScreen.storyboard */,
				39A6BA5322B7B2DC0046B053 /* Info.plist */,
			);
			path = AsyncDataLoader;
			sourceTree = "<group>";
		};
		39A6BA5B22B7B2DD0046B053 /* AsyncDataLoaderTests */ = {
			isa = PBXGroup;
			children = (
				39A6BA5C22B7B2DD0046B053 /* AsyncDataLoaderTests.swift */,
				39A6BA5E22B7B2DD0046B053 /* Info.plist */,
			);
			path = AsyncDataLoaderTests;
			sourceTree = "<group>";
		};
		39A6BA6622B7B2DD0046B053 /* AsyncDataLoaderUITests */ = {
			isa = PBXGroup;
			children = (
				39A6BA6722B7B2DD0046B053 /* AsyncDataLoaderUITests.swift */,
				39A6BA6922B7B2DD0046B053 /* Info.plist */,
			);
			path = AsyncDataLoaderUITests;
			sourceTree = "<group>";
		};
		BEFB6A0C22BD5DEA00FC6504 /* CacheManager */ = {
			isa = PBXGroup;
			children = (
				399DD77C22B88D620064775B /* CacheManager.swift */,
			);
			path = CacheManager;
			sourceTree = "<group>";
		};
		BEFB6A0D22BD5DF800FC6504 /* JSON_Parser */ = {
			isa = PBXGroup;
			children = (
				BE503F8922BA6A4E003E35C8 /* SwiftyJSON.swift */,
			);
			path = JSON_Parser;
			sourceTree = "<group>";
		};
		BEFB6A0E22BD5E0900FC6504 /* ViewControllers */ = {
			isa = PBXGroup;
			children = (
				BEFB6A0422BCD4D900FC6504 /* BlockViewController.swift */,
				BEFB6A0A22BD487E00FC6504 /* UniversalDownloadViewController.swift */,
				BEA7817022BDA24F007696DF /* PullViewController.swift */,
			);
			path = ViewControllers;
			sourceTree = "<group>";
		};
		BEFB6A0F22BD5E2000FC6504 /* Resources */ = {
			isa = PBXGroup;
			children = (
				BE503F8B22BA6A83003E35C8 /* Images.json */,
				39A6BA4E22B7B2DC0046B053 /* Assets.xcassets */,
			);
			path = Resources;
			sourceTree = "<group>";
		};
		BEFB6A1022BD5E3A00FC6504 /* DownloadManager */ = {
			isa = PBXGroup;
			children = (
				399DD78622B8C7CF0064775B /* BaseDataTask.swift */,
				399DD78422B8C6320064775B /* DataDownloadTask.swift */,
				399DD77E22B8907D0064775B /* AsyncDataLoader.swift */,
				BE503F8D22BABF4C003E35C8 /* AsyncBlockDownloader.swift */,
				BE503F8F22BABFA4003E35C8 /* AsyncInterfaceDownloader.swift */,
				399DD78022B891020064775B /* DownloadCompletionDelegate.swift */,
			);
			path = DownloadManager;
			sourceTree = "<group>";
		};
		BEFB6A1122BD5E6F00FC6504 /* CustomControls */ = {
			isa = PBXGroup;
			children = (
				BEFB6A0622BCDBA700FC6504 /* CircularProgress.swift */,
				BEFB6A0822BCDCEF00FC6504 /* DownloaderView.swift */,
				BEA7817222BDA53D007696DF /* UserCell.swift */,
			);
			path = CustomControls;
			sourceTree = "<group>";
		};
/* End PBXGroup section */

/* Begin PBXNativeTarget section */
		39A6BA4322B7B2DB0046B053 /* AsyncDataLoader */ = {
			isa = PBXNativeTarget;
			buildConfigurationList = 39A6BA6C22B7B2DD0046B053 /* Build configuration list for PBXNativeTarget "AsyncDataLoader" */;
			buildPhases = (
				39A6BA4022B7B2DB0046B053 /* Sources */,
				39A6BA4122B7B2DB0046B053 /* Frameworks */,
				39A6BA4222B7B2DB0046B053 /* Resources */,
			);
			buildRules = (
			);
			dependencies = (
			);
			name = AsyncDataLoader;
			productName = AsyncDataLoader;
			productReference = 39A6BA4422B7B2DB0046B053 /* AsyncDataLoader.app */;
			productType = "com.apple.product-type.application";
		};
		39A6BA5722B7B2DD0046B053 /* AsyncDataLoaderTests */ = {
			isa = PBXNativeTarget;
			buildConfigurationList = 39A6BA6F22B7B2DD0046B053 /* Build configuration list for PBXNativeTarget "AsyncDataLoaderTests" */;
			buildPhases = (
				39A6BA5422B7B2DD0046B053 /* Sources */,
				39A6BA5522B7B2DD0046B053 /* Frameworks */,
				39A6BA5622B7B2DD0046B053 /* Resources */,
			);
			buildRules = (
			);
			dependencies = (
				39A6BA5A22B7B2DD0046B053 /* PBXTargetDependency */,
			);
			name = AsyncDataLoaderTests;
			productName = AsyncDataLoaderTests;
			productReference = 39A6BA5822B7B2DD0046B053 /* AsyncDataLoaderTests.xctest */;
			productType = "com.apple.product-type.bundle.unit-test";
		};
		39A6BA6222B7B2DD0046B053 /* AsyncDataLoaderUITests */ = {
			isa = PBXNativeTarget;
			buildConfigurationList = 39A6BA7222B7B2DD0046B053 /* Build configuration list for PBXNativeTarget "AsyncDataLoaderUITests" */;
			buildPhases = (
				39A6BA5F22B7B2DD0046B053 /* Sources */,
				39A6BA6022B7B2DD0046B053 /* Frameworks */,
				39A6BA6122B7B2DD0046B053 /* Resources */,
			);
			buildRules = (
			);
			dependencies = (
				39A6BA6522B7B2DD0046B053 /* PBXTargetDependency */,
			);
			name = AsyncDataLoaderUITests;
			productName = AsyncDataLoaderUITests;
			productReference = 39A6BA6322B7B2DD0046B053 /* AsyncDataLoaderUITests.xctest */;
			productType = "com.apple.product-type.bundle.ui-testing";
		};
/* End PBXNativeTarget section */

/* Begin PBXProject section */
		39A6BA3C22B7B2DB0046B053 /* Project object */ = {
			isa = PBXProject;
			attributes = {
				LastSwiftUpdateCheck = 1020;
				LastUpgradeCheck = 1020;
				ORGANIZATIONNAME = Mostafizur;
				TargetAttributes = {
					39A6BA4322B7B2DB0046B053 = {
						CreatedOnToolsVersion = 10.2.1;
					};
					39A6BA5722B7B2DD0046B053 = {
						CreatedOnToolsVersion = 10.2.1;
						TestTargetID = 39A6BA4322B7B2DB0046B053;
					};
					39A6BA6222B7B2DD0046B053 = {
						CreatedOnToolsVersion = 10.2.1;
						TestTargetID = 39A6BA4322B7B2DB0046B053;
					};
				};
			};
			buildConfigurationList = 39A6BA3F22B7B2DB0046B053 /* Build configuration list for PBXProject "AsyncDataLoader" */;
			compatibilityVersion = "Xcode 9.3";
			developmentRegion = en;
			hasScannedForEncodings = 0;
			knownRegions = (
				en,
				Base,
			);
			mainGroup = 39A6BA3B22B7B2DB0046B053;
			productRefGroup = 39A6BA4522B7B2DB0046B053 /* Products */;
			projectDirPath = "";
			projectRoot = "";
			targets = (
				39A6BA4322B7B2DB0046B053 /* AsyncDataLoader */,
				39A6BA5722B7B2DD0046B053 /* AsyncDataLoaderTests */,
				39A6BA6222B7B2DD0046B053 /* AsyncDataLoaderUITests */,
			);
		};
/* End PBXProject section */

/* Begin PBXResourcesBuildPhase section */
		39A6BA4222B7B2DB0046B053 /* Resources */ = {
			isa = PBXResourcesBuildPhase;
			buildActionMask = 2147483647;
			files = (
				39A6BA5222B7B2DC0046B053 /* LaunchScreen.storyboard in Resources */,
				BE503F8C22BA6A83003E35C8 /* Images.json in Resources */,
				39A6BA4F22B7B2DC0046B053 /* Assets.xcassets in Resources */,
				39A6BA4D22B7B2DB0046B053 /* Main.storyboard in Resources */,
			);
			runOnlyForDeploymentPostprocessing = 0;
		};
		39A6BA5622B7B2DD0046B053 /* Resources */ = {
			isa = PBXResourcesBuildPhase;
			buildActionMask = 2147483647;
			files = (
			);
			runOnlyForDeploymentPostprocessing = 0;
		};
		39A6BA6122B7B2DD0046B053 /* Resources */ = {
			isa = PBXResourcesBuildPhase;
			buildActionMask = 2147483647;
			files = (
			);
			runOnlyForDeploymentPostprocessing = 0;
		};
/* End PBXResourcesBuildPhase section */

/* Begin PBXSourcesBuildPhase section */
		39A6BA4022B7B2DB0046B053 /* Sources */ = {
			isa = PBXSourcesBuildPhase;
			buildActionMask = 2147483647;
			files = (
				399DD78522B8C6320064775B /* DataDownloadTask.swift in Sources */,
				BEFB6A0922BCDCEF00FC6504 /* DownloaderView.swift in Sources */,
				BEFB6A0B22BD487E00FC6504 /* UniversalDownloadViewController.swift in Sources */,
				399DD78722B8C7CF0064775B /* BaseDataTask.swift in Sources */,
				399DD77D22B88D620064775B /* CacheManager.swift in Sources */,
				BE503F8A22BA6A4E003E35C8 /* SwiftyJSON.swift in Sources */,
				BEFB6A0522BCD4D900FC6504 /* BlockViewController.swift in Sources */,
				399DD77F22B8907D0064775B /* AsyncDataLoader.swift in Sources */,
				BEA7817322BDA53D007696DF /* UserCell.swift in Sources */,
				BE503F9022BABFA4003E35C8 /* AsyncInterfaceDownloader.swift in Sources */,
				BEFB6A0722BCDBA700FC6504 /* CircularProgress.swift in Sources */,
				399DD78122B891020064775B /* DownloadCompletionDelegate.swift in Sources */,
				BE503F8E22BABF4C003E35C8 /* AsyncBlockDownloader.swift in Sources */,
				BEA7817122BDA24F007696DF /* PullViewController.swift in Sources */,
				39A6BA4822B7B2DB0046B053 /* AppDelegate.swift in Sources */,
			);
			runOnlyForDeploymentPostprocessing = 0;
		};
		39A6BA5422B7B2DD0046B053 /* Sources */ = {
			isa = PBXSourcesBuildPhase;
			buildActionMask = 2147483647;
			files = (
				39A6BA5D22B7B2DD0046B053 /* AsyncDataLoaderTests.swift in Sources */,
			);
			runOnlyForDeploymentPostprocessing = 0;
		};
		39A6BA5F22B7B2DD0046B053 /* Sources */ = {
			isa = PBXSourcesBuildPhase;
			buildActionMask = 2147483647;
			files = (
				39A6BA6822B7B2DD0046B053 /* AsyncDataLoaderUITests.swift in Sources */,
			);
			runOnlyForDeploymentPostprocessing = 0;
		};
/* End PBXSourcesBuildPhase section */

/* Begin PBXTargetDependency section */
		39A6BA5A22B7B2DD0046B053 /* PBXTargetDependency */ = {
			isa = PBXTargetDependency;
			target = 39A6BA4322B7B2DB0046B053 /* AsyncDataLoader */;
			targetProxy = 39A6BA5922B7B2DD0046B053 /* PBXContainerItemProxy */;
		};
		39A6BA6522B7B2DD0046B053 /* PBXTargetDependency */ = {
			isa = PBXTargetDependency;
			target = 39A6BA4322B7B2DB0046B053 /* AsyncDataLoader */;
			targetProxy = 39A6BA6422B7B2DD0046B053 /* PBXContainerItemProxy */;
		};
/* End PBXTargetDependency section */

/* Begin PBXVariantGroup section */
		39A6BA4B22B7B2DB0046B053 /* Main.storyboard */ = {
			isa = PBXVariantGroup;
			children = (
				39A6BA4C22B7B2DB0046B053 /* Base */,
			);
			name = Main.storyboard;
			sourceTree = "<group>";
		};
		39A6BA5022B7B2DC0046B053 /* LaunchScreen.storyboard */ = {
			isa = PBXVariantGroup;
			children = (
				39A6BA5122B7B2DC0046B053 /* Base */,
			);
			name = LaunchScreen.storyboard;
			sourceTree = "<group>";
		};
/* End PBXVariantGroup section */

/* Begin XCBuildConfiguration section */
		39A6BA6A22B7B2DD0046B053 /* Debug */ = {
			isa = XCBuildConfiguration;
			buildSettings = {
				ALWAYS_SEARCH_USER_PATHS = NO;
				CLANG_ANALYZER_NONNULL = YES;
				CLANG_ANALYZER_NUMBER_OBJECT_CONVERSION = YES_AGGRESSIVE;
				CLANG_CXX_LANGUAGE_STANDARD = "gnu++14";
				CLANG_CXX_LIBRARY = "libc++";
				CLANG_ENABLE_MODULES = YES;
				CLANG_ENABLE_OBJC_ARC = YES;
				CLANG_ENABLE_OBJC_WEAK = YES;
				CLANG_WARN_BLOCK_CAPTURE_AUTORELEASING = YES;
				CLANG_WARN_BOOL_CONVERSION = YES;
				CLANG_WARN_COMMA = YES;
				CLANG_WARN_CONSTANT_CONVERSION = YES;
				CLANG_WARN_DEPRECATED_OBJC_IMPLEMENTATIONS = YES;
				CLANG_WARN_DIRECT_OBJC_ISA_USAGE = YES_ERROR;
				CLANG_WARN_DOCUMENTATION_COMMENTS = YES;
				CLANG_WARN_EMPTY_BODY = YES;
				CLANG_WARN_ENUM_CONVERSION = YES;
				CLANG_WARN_INFINITE_RECURSION = YES;
				CLANG_WARN_INT_CONVERSION = YES;
				CLANG_WARN_NON_LITERAL_NULL_CONVERSION = YES;
				CLANG_WARN_OBJC_IMPLICIT_RETAIN_SELF = YES;
				CLANG_WARN_OBJC_LITERAL_CONVERSION = YES;
				CLANG_WARN_OBJC_ROOT_CLASS = YES_ERROR;
				CLANG_WARN_RANGE_LOOP_ANALYSIS = YES;
				CLANG_WARN_STRICT_PROTOTYPES = YES;
				CLANG_WARN_SUSPICIOUS_MOVE = YES;
				CLANG_WARN_UNGUARDED_AVAILABILITY = YES_AGGRESSIVE;
				CLANG_WARN_UNREACHABLE_CODE = YES;
				CLANG_WARN__DUPLICATE_METHOD_MATCH = YES;
				CODE_SIGN_IDENTITY = "iPhone Developer";
				COPY_PHASE_STRIP = NO;
				DEBUG_INFORMATION_FORMAT = dwarf;
				ENABLE_STRICT_OBJC_MSGSEND = YES;
				ENABLE_TESTABILITY = YES;
				GCC_C_LANGUAGE_STANDARD = gnu11;
				GCC_DYNAMIC_NO_PIC = NO;
				GCC_NO_COMMON_BLOCKS = YES;
				GCC_OPTIMIZATION_LEVEL = 0;
				GCC_PREPROCESSOR_DEFINITIONS = (
					"DEBUG=1",
					"$(inherited)",
				);
				GCC_WARN_64_TO_32_BIT_CONVERSION = YES;
				GCC_WARN_ABOUT_RETURN_TYPE = YES_ERROR;
				GCC_WARN_UNDECLARED_SELECTOR = YES;
				GCC_WARN_UNINITIALIZED_AUTOS = YES_AGGRESSIVE;
				GCC_WARN_UNUSED_FUNCTION = YES;
				GCC_WARN_UNUSED_VARIABLE = YES;
				IPHONEOS_DEPLOYMENT_TARGET = 12.2;
				MTL_ENABLE_DEBUG_INFO = INCLUDE_SOURCE;
				MTL_FAST_MATH = YES;
				ONLY_ACTIVE_ARCH = YES;
				SDKROOT = iphoneos;
				SWIFT_ACTIVE_COMPILATION_CONDITIONS = DEBUG;
				SWIFT_OPTIMIZATION_LEVEL = "-Onone";
			};
			name = Debug;
		};
		39A6BA6B22B7B2DD0046B053 /* Release */ = {
			isa = XCBuildConfiguration;
			buildSettings = {
				ALWAYS_SEARCH_USER_PATHS = NO;
				CLANG_ANALYZER_NONNULL = YES;
				CLANG_ANALYZER_NUMBER_OBJECT_CONVERSION = YES_AGGRESSIVE;
				CLANG_CXX_LANGUAGE_STANDARD = "gnu++14";
				CLANG_CXX_LIBRARY = "libc++";
				CLANG_ENABLE_MODULES = YES;
				CLANG_ENABLE_OBJC_ARC = YES;
				CLANG_ENABLE_OBJC_WEAK = YES;
				CLANG_WARN_BLOCK_CAPTURE_AUTORELEASING = YES;
				CLANG_WARN_BOOL_CONVERSION = YES;
				CLANG_WARN_COMMA = YES;
				CLANG_WARN_CONSTANT_CONVERSION = YES;
				CLANG_WARN_DEPRECATED_OBJC_IMPLEMENTATIONS = YES;
				CLANG_WARN_DIRECT_OBJC_ISA_USAGE = YES_ERROR;
				CLANG_WARN_DOCUMENTATION_COMMENTS = YES;
				CLANG_WARN_EMPTY_BODY = YES;
				CLANG_WARN_ENUM_CONVERSION = YES;
				CLANG_WARN_INFINITE_RECURSION = YES;
				CLANG_WARN_INT_CONVERSION = YES;
				CLANG_WARN_NON_LITERAL_NULL_CONVERSION = YES;
				CLANG_WARN_OBJC_IMPLICIT_RETAIN_SELF = YES;
				CLANG_WARN_OBJC_LITERAL_CONVERSION = YES;
				CLANG_WARN_OBJC_ROOT_CLASS = YES_ERROR;
				CLANG_WARN_RANGE_LOOP_ANALYSIS = YES;
				CLANG_WARN_STRICT_PROTOTYPES = YES;
				CLANG_WARN_SUSPICIOUS_MOVE = YES;
				CLANG_WARN_UNGUARDED_AVAILABILITY = YES_AGGRESSIVE;
				CLANG_WARN_UNREACHABLE_CODE = YES;
				CLANG_WARN__DUPLICATE_METHOD_MATCH = YES;
				CODE_SIGN_IDENTITY = "iPhone Developer";
				COPY_PHASE_STRIP = NO;
				DEBUG_INFORMATION_FORMAT = "dwarf-with-dsym";
				ENABLE_NS_ASSERTIONS = NO;
				ENABLE_STRICT_OBJC_MSGSEND = YES;
				GCC_C_LANGUAGE_STANDARD = gnu11;
				GCC_NO_COMMON_BLOCKS = YES;
				GCC_WARN_64_TO_32_BIT_CONVERSION = YES;
				GCC_WARN_ABOUT_RETURN_TYPE = YES_ERROR;
				GCC_WARN_UNDECLARED_SELECTOR = YES;
				GCC_WARN_UNINITIALIZED_AUTOS = YES_AGGRESSIVE;
				GCC_WARN_UNUSED_FUNCTION = YES;
				GCC_WARN_UNUSED_VARIABLE = YES;
				IPHONEOS_DEPLOYMENT_TARGET = 12.2;
				MTL_ENABLE_DEBUG_INFO = NO;
				MTL_FAST_MATH = YES;
				SDKROOT = iphoneos;
				SWIFT_COMPILATION_MODE = wholemodule;
				SWIFT_OPTIMIZATION_LEVEL = "-O";
				VALIDATE_PRODUCT = YES;
			};
			name = Release;
		};
		39A6BA6D22B7B2DD0046B053 /* Debug */ = {
			isa = XCBuildConfiguration;
			buildSettings = {
				ASSETCATALOG_COMPILER_APPICON_NAME = AppIcon;
				CODE_SIGN_STYLE = Automatic;
				DEVELOPMENT_TEAM = 2VZ7V842VP;
				INFOPLIST_FILE = AsyncDataLoader/Info.plist;
				IPHONEOS_DEPLOYMENT_TARGET = 10.0;
				LD_RUNPATH_SEARCH_PATHS = (
					"$(inherited)",
					"@executable_path/Frameworks",
				);
				PRODUCT_BUNDLE_IDENTIFIER = com.imageapp.AsyncDataLoader;
				PRODUCT_NAME = "$(TARGET_NAME)";
				SWIFT_VERSION = 5.0;
				TARGETED_DEVICE_FAMILY = "1,2";
			};
			name = Debug;
		};
		39A6BA6E22B7B2DD0046B053 /* Release */ = {
			isa = XCBuildConfiguration;
			buildSettings = {
				ASSETCATALOG_COMPILER_APPICON_NAME = AppIcon;
				CODE_SIGN_STYLE = Automatic;
				DEVELOPMENT_TEAM = 2VZ7V842VP;
				INFOPLIST_FILE = AsyncDataLoader/Info.plist;
				IPHONEOS_DEPLOYMENT_TARGET = 10.0;
				LD_RUNPATH_SEARCH_PATHS = (
					"$(inherited)",
					"@executable_path/Frameworks",
				);
				PRODUCT_BUNDLE_IDENTIFIER = com.imageapp.AsyncDataLoader;
				PRODUCT_NAME = "$(TARGET_NAME)";
				SWIFT_VERSION = 5.0;
				TARGETED_DEVICE_FAMILY = "1,2";
			};
			name = Release;
		};
		39A6BA7022B7B2DD0046B053 /* Debug */ = {
			isa = XCBuildConfiguration;
			buildSettings = {
				ALWAYS_EMBED_SWIFT_STANDARD_LIBRARIES = YES;
				BUNDLE_LOADER = "$(TEST_HOST)";
				CODE_SIGN_STYLE = Automatic;
				DEVELOPMENT_TEAM = 2VZ7V842VP;
				INFOPLIST_FILE = AsyncDataLoaderTests/Info.plist;
				LD_RUNPATH_SEARCH_PATHS = (
					"$(inherited)",
					"@executable_path/Frameworks",
					"@loader_path/Frameworks",
				);
				PRODUCT_BUNDLE_IDENTIFIER = com.imageapp.AsyncDataLoaderTests;
				PRODUCT_NAME = "$(TARGET_NAME)";
				SWIFT_VERSION = 5.0;
				TARGETED_DEVICE_FAMILY = "1,2";
				TEST_HOST = "$(BUILT_PRODUCTS_DIR)/AsyncDataLoader.app/AsyncDataLoader";
			};
			name = Debug;
		};
		39A6BA7122B7B2DD0046B053 /* Release */ = {
			isa = XCBuildConfiguration;
			buildSettings = {
				ALWAYS_EMBED_SWIFT_STANDARD_LIBRARIES = YES;
				BUNDLE_LOADER = "$(TEST_HOST)";
				CODE_SIGN_STYLE = Automatic;
				DEVELOPMENT_TEAM = 2VZ7V842VP;
				INFOPLIST_FILE = AsyncDataLoaderTests/Info.plist;
				LD_RUNPATH_SEARCH_PATHS = (
					"$(inherited)",
					"@executable_path/Frameworks",
					"@loader_path/Frameworks",
				);
				PRODUCT_BUNDLE_IDENTIFIER = com.imageapp.AsyncDataLoaderTests;
				PRODUCT_NAME = "$(TARGET_NAME)";
				SWIFT_VERSION = 5.0;
				TARGETED_DEVICE_FAMILY = "1,2";
				TEST_HOST = "$(BUILT_PRODUCTS_DIR)/AsyncDataLoader.app/AsyncDataLoader";
			};
			name = Release;
		};
		39A6BA7322B7B2DD0046B053 /* Debug */ = {
			isa = XCBuildConfiguration;
			buildSettings = {
				ALWAYS_EMBED_SWIFT_STANDARD_LIBRARIES = YES;
				CODE_SIGN_STYLE = Automatic;
				DEVELOPMENT_TEAM = 2VZ7V842VP;
				INFOPLIST_FILE = AsyncDataLoaderUITests/Info.plist;
				LD_RUNPATH_SEARCH_PATHS = (
					"$(inherited)",
					"@executable_path/Frameworks",
					"@loader_path/Frameworks",
				);
				PRODUCT_BUNDLE_IDENTIFIER = com.imageapp.AsyncDataLoaderUITests;
				PRODUCT_NAME = "$(TARGET_NAME)";
				SWIFT_VERSION = 5.0;
				TARGETED_DEVICE_FAMILY = "1,2";
				TEST_TARGET_NAME = AsyncDataLoader;
			};
			name = Debug;
		};
		39A6BA7422B7B2DD0046B053 /* Release */ = {
			isa = XCBuildConfiguration;
			buildSettings = {
				ALWAYS_EMBED_SWIFT_STANDARD_LIBRARIES = YES;
				CODE_SIGN_STYLE = Automatic;
				DEVELOPMENT_TEAM = 2VZ7V842VP;
				INFOPLIST_FILE = AsyncDataLoaderUITests/Info.plist;
				LD_RUNPATH_SEARCH_PATHS = (
					"$(inherited)",
					"@executable_path/Frameworks",
					"@loader_path/Frameworks",
				);
				PRODUCT_BUNDLE_IDENTIFIER = com.imageapp.AsyncDataLoaderUITests;
				PRODUCT_NAME = "$(TARGET_NAME)";
				SWIFT_VERSION = 5.0;
				TARGETED_DEVICE_FAMILY = "1,2";
				TEST_TARGET_NAME = AsyncDataLoader;
			};
			name = Release;
		};
/* End XCBuildConfiguration section */

/* Begin XCConfigurationList section */
		39A6BA3F22B7B2DB0046B053 /* Build configuration list for PBXProject "AsyncDataLoader" */ = {
			isa = XCConfigurationList;
			buildConfigurations = (
				39A6BA6A22B7B2DD0046B053 /* Debug */,
				39A6BA6B22B7B2DD0046B053 /* Release */,
			);
			defaultConfigurationIsVisible = 0;
			defaultConfigurationName = Release;
		};
		39A6BA6C22B7B2DD0046B053 /* Build configuration list for PBXNativeTarget "AsyncDataLoader" */ = {
			isa = XCConfigurationList;
			buildConfigurations = (
				39A6BA6D22B7B2DD0046B053 /* Debug */,
				39A6BA6E22B7B2DD0046B053 /* Release */,
			);
			defaultConfigurationIsVisible = 0;
			defaultConfigurationName = Release;
		};
		39A6BA6F22B7B2DD0046B053 /* Build configuration list for PBXNativeTarget "AsyncDataLoaderTests" */ = {
			isa = XCConfigurationList;
			buildConfigurations = (
				39A6BA7022B7B2DD0046B053 /* Debug */,
				39A6BA7122B7B2DD0046B053 /* Release */,
			);
			defaultConfigurationIsVisible = 0;
			defaultConfigurationName = Release;
		};
		39A6BA7222B7B2DD0046B053 /* Build configuration list for PBXNativeTarget "AsyncDataLoaderUITests" */ = {
			isa = XCConfigurationList;
			buildConfigurations = (
				39A6BA7322B7B2DD0046B053 /* Debug */,
				39A6BA7422B7B2DD0046B053 /* Release */,
			);
			defaultConfigurationIsVisible = 0;
			defaultConfigurationName = Release;
		};
/* End XCConfigurationList section */
	};
	rootObject = 39A6BA3C22B7B2DB0046B053 /* Project object */;
}
